{
    "name": "web-bridge-tutorial",
    "version": "1.0.0",
    "lockfileVersion": 3,
    "requires": true,
    "packages": {
        "": {
            "name": "web-bridge-tutorial",
            "version": "1.0.0",
            "license": "MIT",
            "dependencies": {
                "jasmine-core": "^5.1.2"
            },
            "devDependencies": {
                "typescript": "^5.3.3"
            }
        },
        "node_modules/jasmine-core": {
            "version": "5.1.2",
            "resolved": "https://registry.npmjs.org/jasmine-core/-/jasmine-core-5.1.2.tgz",
            "integrity": "sha512-2oIUMGn00FdUiqz6epiiJr7xcFyNYj3rDcfmnzfkBnHyBQ3cBQUs4mmyGsOb7TTLb9kxk7dBcmEmqhDKkBoDyA=="
        },
        "node_modules/typescript": {
            "version": "5.3.3",
            "resolved": "https://registry.npmjs.org/typescript/-/typescript-5.3.3.tgz",
            "integrity": "sha512-pXWcraxM0uxAS+tN0AG/BF2TyqmHO014Z070UsJ+pFvYuRSq8KH8DmWpnbXe0pEPDHXZV3FcAbJkijJ5oNEnWw==",
            "dev": true,
            "bin": {
                "tsc": "bin/tsc",
                "tsserver": "bin/tsserver"
            },
            "engines": {
                "node": ">=14.17"
            }
        }
    }
}
